# @generated by Move, please check-in and do not edit manually.

[move]
version = 3
manifest_digest = "954AD070FFF8174D015E4B7DE8740AF3143B664FF3BCD010C4D0FCEA047730E8"
deps_digest = "52B406A7A21811BEF51751CF88DA0E76DAEFFEAC888D4F4060B1A72BBE7D8D35"
dependencies = [
  { id = "Bridge", name = "Bridge" },
  { id = "MoveStdlib", name = "MoveStdlib" },
  { id = "Sui", name = "Sui" },
  { id = "SuiSystem", name = "SuiSystem" },
  { id = "borrower_funds", name = "borrower_funds" },
  { id = "collateral", name = "collateral" },
]

[[move.package]]
id = "Bridge"
source = { git = "https://github.com/MystenLabs/sui.git", rev = "6a2fc3c8f555", subdir = "crates/sui-framework/packages/bridge" }

dependencies = [
  { id = "MoveStdlib", name = "MoveStdlib" },
  { id = "Sui", name = "Sui" },
  { id = "SuiSystem", name = "SuiSystem" },
]

[[move.package]]
id = "MoveStdlib"
source = { git = "https://github.com/MystenLabs/sui.git", rev = "6a2fc3c8f555", subdir = "crates/sui-framework/packages/move-stdlib" }

[[move.package]]
id = "Sui"
source = { git = "https://github.com/MystenLabs/sui.git", rev = "6a2fc3c8f555", subdir = "crates/sui-framework/packages/sui-framework" }

dependencies = [
  { id = "MoveStdlib", name = "MoveStdlib" },
]

[[move.package]]
id = "SuiSystem"
source = { git = "https://github.com/MystenLabs/sui.git", rev = "6a2fc3c8f555", subdir = "crates/sui-framework/packages/sui-system" }

dependencies = [
  { id = "MoveStdlib", name = "MoveStdlib" },
  { id = "Sui", name = "Sui" },
]

[[move.package]]
id = "borrower_funds"
source = { local = "../borrower_funds" }

dependencies = [
  { id = "Bridge", name = "Bridge" },
  { id = "MoveStdlib", name = "MoveStdlib" },
  { id = "Sui", name = "Sui" },
  { id = "SuiSystem", name = "SuiSystem" },
]

[env]

[[move.package]]
id = "collateral"
source = { local = "../collateral" }

dependencies = [
  { id = "Sui", name = "Sui" },
]

[move.toolchain-version]
compiler-version = "1.48.1"
edition = "2024.beta"
flavor = "sui"

[env.devnet]
chain-id = "0924eade"
original-published-id = "0xb67a7d90d67ed569cc9358eb15cee4098c156b5ae310716a83b441cd97c467cf"
latest-published-id = "0xb67a7d90d67ed569cc9358eb15cee4098c156b5ae310716a83b441cd97c467cf"
published-version = "1"

[env.testnet]
chain-id = "4c78adac"
original-published-id = "0x1d1c8ff0c9f4b7aab64510fe20b8b59e1eed4a80b90205d180592954507a982e"
latest-published-id = "0x1d1c8ff0c9f4b7aab64510fe20b8b59e1eed4a80b90205d180592954507a982e"
published-version = "1"
