# @generated by Move, please check-in and do not edit manually.

[move]
version = 3
manifest_digest = "907026673D22B1060C5A248F6D8C58B4FA9D552CC92EFD1C79E8B056567B2E23"
deps_digest = "F8BBB0CCB2491CA29A3DF03D6F92277A4F3574266507ACD77214D37ECA3F3082"
dependencies = [
  { id = "Sui", name = "Sui" },
]

[[move.package]]
id = "MoveStdlib"
source = { git = "https://github.com/MystenLabs/sui.git", rev = "framework/devnet", subdir = "crates/sui-framework/packages/move-stdlib" }

[[move.package]]
id = "Sui"
source = { git = "https://github.com/MystenLabs/sui.git", rev = "framework/devnet", subdir = "crates/sui-framework/packages/sui-framework" }

dependencies = [
  { id = "MoveStdlib", name = "MoveStdlib" },
]

[move.toolchain-version]
compiler-version = "1.48.1"
edition = "2024.beta"
flavor = "sui"

[env]

[env.devnet]
chain-id = "0924eade"
original-published-id = "0xbf3d28eb7c5799b66a0594dfcc62b8dd8bce719ead77a507e06e06c0f9dc6ba8"
latest-published-id = "0xbf3d28eb7c5799b66a0594dfcc62b8dd8bce719ead77a507e06e06c0f9dc6ba8"
published-version = "1"
